
Microsoft Visual Studio Solution File, Format Version 12.00
# Visual Studio 15
VisualStudioVersion = 15.0.28307.168
MinimumVisualStudioVersion = 10.0.40219.1
Project("{FAE04EC0-301F-11D3-BF4B-00C04F79EFBC}") = "Basic", "Basic\Basic.csproj", "{7882C05E-5AC2-482A-9B8D-CD26D68F04B6}"
EndProject
Global
	GlobalSection(SolutionConfigurationPlatforms) = preSolution
		Debug|Any CPU = Debug|Any CPU
		Release|Any CPU = Release|Any CPU
	EndGlobalSection
	GlobalSection(ProjectConfigurationPlatforms) = postSolution
		{7882C05E-5AC2-482A-9B8D-CD26D68F04B6}.Debug|Any CPU.ActiveCfg = Debug|Any CPU
		{7882C05E-5AC2-482A-9B8D-CD26D68F04B6}.Debug|Any CPU.Build.0 = Debug|Any CPU
		{7882C05E-5AC2-482A-9B8D-CD26D68F04B6}.Release|Any CPU.ActiveCfg = Release|Any CPU
		{7882C05E-5AC2-482A-9B8D-CD26D68F04B6}.Release|Any CPU.Build.0 = Release|Any CPU
	EndGlobalSection
	GlobalSection(SolutionProperties) = preSolution
		HideSolutionNode = FALSE
	EndGlobalSection
	GlobalSection(ExtensibilityGlobals) = postSolution
		SolutionGuid = {45AA979A-69B7-49DA-BE6B-86F8408BBE2E}
	EndGlobalSection
EndGlobal
